
Microsoft Visual Studio Solution File, Format Version 12.00
# Visual Studio Version 17
VisualStudioVersion = 17.5.33516.290
MinimumVisualStudioVersion = 10.0.40219.1
Project("{FAE04EC0-301F-11D3-BF4B-00C04F79EFBC}") = "19.DateTime Methods", "C#Basic\19.DateTime Methods.csproj", "{937A77CB-C43E-459A-9E8A-0F8FCA8EB392}"
EndProject
Global
	GlobalSection(SolutionConfigurationPlatforms) = preSolution
		Debug|Any CPU = Debug|Any CPU
		Release|Any CPU = Release|Any CPU
	EndGlobalSection
	GlobalSection(ProjectConfigurationPlatforms) = postSolution
		{937A77CB-C43E-459A-9E8A-0F8FCA8EB392}.Debug|Any CPU.ActiveCfg = Debug|Any CPU
		{937A77CB-C43E-459A-9E8A-0F8FCA8EB392}.Debug|Any CPU.Build.0 = Debug|Any CPU
		{937A77CB-C43E-459A-9E8A-0F8FCA8EB392}.Release|Any CPU.ActiveCfg = Release|Any CPU
		{937A77CB-C43E-459A-9E8A-0F8FCA8EB392}.Release|Any CPU.Build.0 = Release|Any CPU
	EndGlobalSection
	GlobalSection(SolutionProperties) = preSolution
		HideSolutionNode = FALSE
	EndGlobalSection
	GlobalSection(ExtensibilityGlobals) = postSolution
		SolutionGuid = {2B7175D0-3875-479B-AB6D-093F68101D81}
	EndGlobalSection
EndGlobal
